
Microsoft Visual Studio Solution File, Format Version 12.00
# Visual Studio Version 16
VisualStudioVersion = 16.0.29215.179
MinimumVisualStudioVersion = 10.0.40219.1
Project("{9A19103F-16F7-4668-BE54-9A1E7A4F7556}") = "PowerPointGenerator", "PowerPointGenerator\PowerPointGenerator.csproj", "{124FC417-2275-4903-B759-172B028A9606}"
EndProject
Project("{9A19103F-16F7-4668-BE54-9A1E7A4F7556}") = "PowerPointGeneratorExecutor", "ConsoleApp1\PowerPointGeneratorExecutor.csproj", "{15BFC6E1-C391-4CA2-923C-4D7D81BFA01E}"
EndProject
Project("{2150E333-8FDC-42A3-9474-1A3956D46DE8}") = "Solution Items", "Solution Items", "{7A502858-7118-4408-A8B7-E2B0B75E85CF}"
	ProjectSection(SolutionItems) = preProject
		README.md = README.md
	EndProjectSection
EndProject
Global
	GlobalSection(SolutionConfigurationPlatforms) = preSolution
		Debug|Any CPU = Debug|Any CPU
		Release|Any CPU = Release|Any CPU
	EndGlobalSection
	GlobalSection(ProjectConfigurationPlatforms) = postSolution
		{124FC417-2275-4903-B759-172B028A9606}.Debug|Any CPU.ActiveCfg = Debug|Any CPU
		{124FC417-2275-4903-B759-172B028A9606}.Debug|Any CPU.Build.0 = Debug|Any CPU
		{124FC417-2275-4903-B759-172B028A9606}.Release|Any CPU.ActiveCfg = Release|Any CPU
		{124FC417-2275-4903-B759-172B028A9606}.Release|Any CPU.Build.0 = Release|Any CPU
		{15BFC6E1-C391-4CA2-923C-4D7D81BFA01E}.Debug|Any CPU.ActiveCfg = Debug|Any CPU
		{15BFC6E1-C391-4CA2-923C-4D7D81BFA01E}.Debug|Any CPU.Build.0 = Debug|Any CPU
		{15BFC6E1-C391-4CA2-923C-4D7D81BFA01E}.Release|Any CPU.ActiveCfg = Release|Any CPU
		{15BFC6E1-C391-4CA2-923C-4D7D81BFA01E}.Release|Any CPU.Build.0 = Release|Any CPU
	EndGlobalSection
	GlobalSection(SolutionProperties) = preSolution
		HideSolutionNode = FALSE
	EndGlobalSection
	GlobalSection(ExtensibilityGlobals) = postSolution
		SolutionGuid = {A3DB349F-6EF3-42C1-AB7E-D512A1FA29E1}
	EndGlobalSection
EndGlobal
